
Microsoft Visual Studio Solution File, Format Version 12.00
# Visual Studio Version 16
VisualStudioVersion = 16.0.30611.23
MinimumVisualStudioVersion = 10.0.40219.1
Project("{FAE04EC0-301F-11D3-BF4B-00C04F79EFBC}") = "Service", "Service\Service.csproj", "{51E7E365-B773-43D6-A26C-87726F06FAD4}"
EndProject
Global
	GlobalSection(SolutionConfigurationPlatforms) = preSolution
		Debug|Any CPU = Debug|Any CPU
		Debug|x64 = Debug|x64
		Release|Any CPU = Release|Any CPU
		Release|x64 = Release|x64
		ver.1|Any CPU = ver.1|Any CPU
		ver.1|x64 = ver.1|x64
	EndGlobalSection
	GlobalSection(ProjectConfigurationPlatforms) = postSolution
		{51E7E365-B773-43D6-A26C-87726F06FAD4}.Debug|Any CPU.ActiveCfg = Debug|Any CPU
		{51E7E365-B773-43D6-A26C-87726F06FAD4}.Debug|Any CPU.Build.0 = Debug|Any CPU
		{51E7E365-B773-43D6-A26C-87726F06FAD4}.Debug|x64.ActiveCfg = Debug|x64
		{51E7E365-B773-43D6-A26C-87726F06FAD4}.Debug|x64.Build.0 = Debug|x64
		{51E7E365-B773-43D6-A26C-87726F06FAD4}.Release|Any CPU.ActiveCfg = Release|Any CPU
		{51E7E365-B773-43D6-A26C-87726F06FAD4}.Release|Any CPU.Build.0 = Release|Any CPU
		{51E7E365-B773-43D6-A26C-87726F06FAD4}.Release|x64.ActiveCfg = Release|x64
		{51E7E365-B773-43D6-A26C-87726F06FAD4}.Release|x64.Build.0 = Release|x64
		{51E7E365-B773-43D6-A26C-87726F06FAD4}.ver.1|Any CPU.ActiveCfg = ver.1|Any CPU
		{51E7E365-B773-43D6-A26C-87726F06FAD4}.ver.1|Any CPU.Build.0 = ver.1|Any CPU
		{51E7E365-B773-43D6-A26C-87726F06FAD4}.ver.1|x64.ActiveCfg = ver.1|x64
		{51E7E365-B773-43D6-A26C-87726F06FAD4}.ver.1|x64.Build.0 = ver.1|x64
	EndGlobalSection
	GlobalSection(SolutionProperties) = preSolution
		HideSolutionNode = FALSE
	EndGlobalSection
	GlobalSection(ExtensibilityGlobals) = postSolution
		SolutionGuid = {27A76B92-B865-4314-854C-34B64EA526E9}
	EndGlobalSection
EndGlobal
